// !$*UTF8*$!
{
	archiveVersion = 1;
	classes = {
	};
	objectVersion = 46;
	objects = {

/* Begin PBXBuildFile section */
		249E0AD81445A2460035B058 /* UIKit.framework in Frameworks */ = {isa = PBXBuildFile; fileRef = 249E0AD71445A2460035B058 /* UIKit.framework */; };
		249E0ADA1445A2460035B058 /* Foundation.framework in Frameworks */ = {isa = PBXBuildFile; fileRef = 249E0AD91445A2460035B058 /* Foundation.framework */; };
		249E0ADC1445A2460035B058 /* CoreGraphics.framework in Frameworks */ = {isa = PBXBuildFile; fileRef = 249E0ADB1445A2460035B058 /* CoreGraphics.framework */; };
		249E0ADE1445A2460035B058 /* CoreData.framework in Frameworks */ = {isa = PBXBuildFile; fileRef = 249E0ADD1445A2460035B058 /* CoreData.framework */; };
		249E0AE41445A2460035B058 /* InfoPlist.strings in Resources */ = {isa = PBXBuildFile; fileRef = 249E0AE21445A2460035B058 /* InfoPlist.strings */; };
		249E0AE61445A2460035B058 /* main.m in Sources */ = {isa = PBXBuildFile; fileRef = 249E0AE51445A2460035B058 /* main.m */; };
		249E0AEA1445A2460035B058 /* AppDelegate.m in Sources */ = {isa = PBXBuildFile; fileRef = 249E0AE91445A2460035B058 /* AppDelegate.m */; };
		249E0AED1445A2460035B058 /* MainStoryboard.storyboard in Resources */ = {isa = PBXBuildFile; fileRef = 249E0AEB1445A2460035B058 /* MainStoryboard.storyboard */; };
		249E0AF01445A2460035B058 /* FRCTableViewDataSources.xcdatamodeld in Sources */ = {isa = PBXBuildFile; fileRef = 249E0AEE1445A2460035B058 /* FRCTableViewDataSources.xcdatamodeld */; };
		249E0AF31445A2460035B058 /* MasterViewController.m in Sources */ = {isa = PBXBuildFile; fileRef = 249E0AF21445A2460035B058 /* MasterViewController.m */; };
		249E0AF61445A2460035B058 /* DetailViewController.m in Sources */ = {isa = PBXBuildFile; fileRef = 249E0AF51445A2460035B058 /* DetailViewController.m */; };
/* End PBXBuildFile section */

/* Begin PBXFileReference section */
		249E0AD31445A2460035B058 /* FRCTableViewDataSources.app */ = {isa = PBXFileReference; explicitFileType = wrapper.application; includeInIndex = 0; path = FRCTableViewDataSources.app; sourceTree = BUILT_PRODUCTS_DIR; };
		249E0AD71445A2460035B058 /* UIKit.framework */ = {isa = PBXFileReference; lastKnownFileType = wrapper.framework; name = UIKit.framework; path = System/Library/Frameworks/UIKit.framework; sourceTree = SDKROOT; };
		249E0AD91445A2460035B058 /* Foundation.framework */ = {isa = PBXFileReference; lastKnownFileType = wrapper.framework; name = Foundation.framework; path = System/Library/Frameworks/Foundation.framework; sourceTree = SDKROOT; };
		249E0ADB1445A2460035B058 /* CoreGraphics.framework */ = {isa = PBXFileReference; lastKnownFileType = wrapper.framework; name = CoreGraphics.framework; path = System/Library/Frameworks/CoreGraphics.framework; sourceTree = SDKROOT; };
		249E0ADD1445A2460035B058 /* CoreData.framework */ = {isa = PBXFileReference; lastKnownFileType = wrapper.framework; name = CoreData.framework; path = System/Library/Frameworks/CoreData.framework; sourceTree = SDKROOT; };
		249E0AE11445A2460035B058 /* FRCTableViewDataSources-Info.plist */ = {isa = PBXFileReference; lastKnownFileType = text.plist.xml; path = "FRCTableViewDataSources-Info.plist"; sourceTree = "<group>"; };
		249E0AE31445A2460035B058 /* en */ = {isa = PBXFileReference; lastKnownFileType = text.plist.strings; name = en; path = en.lproj/InfoPlist.strings; sourceTree = "<group>"; };
		249E0AE51445A2460035B058 /* main.m */ = {isa = PBXFileReference; lastKnownFileType = sourcecode.c.objc; path = main.m; sourceTree = "<group>"; };
		249E0AE71445A2460035B058 /* FRCTableViewDataSources-Prefix.pch */ = {isa = PBXFileReference; lastKnownFileType = sourcecode.c.h; path = "FRCTableViewDataSources-Prefix.pch"; sourceTree = "<group>"; };
		249E0AE81445A2460035B058 /* AppDelegate.h */ = {isa = PBXFileReference; lastKnownFileType = sourcecode.c.h; path = AppDelegate.h; sourceTree = "<group>"; };
		249E0AE91445A2460035B058 /* AppDelegate.m */ = {isa = PBXFileReference; lastKnownFileType = sourcecode.c.objc; path = AppDelegate.m; sourceTree = "<group>"; };
		249E0AEC1445A2460035B058 /* en */ = {isa = PBXFileReference; lastKnownFileType = file.storyboard; name = en; path = en.lproj/MainStoryboard.storyboard; sourceTree = "<group>"; };
		249E0AEF1445A2460035B058 /* FRCTableViewDataSources.xcdatamodel */ = {isa = PBXFileReference; lastKnownFileType = wrapper.xcdatamodel; path = FRCTableViewDataSources.xcdatamodel; sourceTree = "<group>"; };
		249E0AF11445A2460035B058 /* MasterViewController.h */ = {isa = PBXFileReference; lastKnownFileType = sourcecode.c.h; path = MasterViewController.h; sourceTree = "<group>"; };
		249E0AF21445A2460035B058 /* MasterViewController.m */ = {isa = PBXFileReference; lastKnownFileType = sourcecode.c.objc; path = MasterViewController.m; sourceTree = "<group>"; };
		249E0AF41445A2460035B058 /* DetailViewController.h */ = {isa = PBXFileReference; lastKnownFileType = sourcecode.c.h; path = DetailViewController.h; sourceTree = "<group>"; };
		249E0AF51445A2460035B058 /* DetailViewController.m */ = {isa = PBXFileReference; lastKnownFileType = sourcecode.c.objc; path = DetailViewController.m; sourceTree = "<group>"; };
/* End PBXFileReference section */

/* Begin PBXFrameworksBuildPhase section */
		249E0AD01445A2460035B058 /* Frameworks */ = {
			isa = PBXFrameworksBuildPhase;
			buildActionMask = 2147483647;
			files = (
				249E0AD81445A2460035B058 /* UIKit.framework in Frameworks */,
				249E0ADA1445A2460035B058 /* Foundation.framework in Frameworks */,
				249E0ADC1445A2460035B058 /* CoreGraphics.framework in Frameworks */,
				249E0ADE1445A2460035B058 /* CoreData.framework in Frameworks */,
			);
			runOnlyForDeploymentPostprocessing = 0;
		};
/* End PBXFrameworksBuildPhase section */

/* Begin PBXGroup section */
		249E0AC81445A2460035B058 = {
			isa = PBXGroup;
			children = (
				249E0ADF1445A2460035B058 /* FRCTableViewDataSourcesDemo */,
				249E0AD61445A2460035B058 /* Frameworks */,
				249E0AD41445A2460035B058 /* Products */,
			);
			sourceTree = "<group>";
		};
		249E0AD41445A2460035B058 /* Products */ = {
			isa = PBXGroup;
			children = (
				249E0AD31445A2460035B058 /* FRCTableViewDataSources.app */,
			);
			name = Products;
			sourceTree = "<group>";
		};
		249E0AD61445A2460035B058 /* Frameworks */ = {
			isa = PBXGroup;
			children = (
				249E0AD71445A2460035B058 /* UIKit.framework */,
				249E0AD91445A2460035B058 /* Foundation.framework */,
				249E0ADB1445A2460035B058 /* CoreGraphics.framework */,
				249E0ADD1445A2460035B058 /* CoreData.framework */,
			);
			name = Frameworks;
			sourceTree = "<group>";
		};
		249E0ADF1445A2460035B058 /* FRCTableViewDataSourcesDemo */ = {
			isa = PBXGroup;
			children = (
				249E0AE81445A2460035B058 /* AppDelegate.h */,
				249E0AE91445A2460035B058 /* AppDelegate.m */,
				249E0AEB1445A2460035B058 /* MainStoryboard.storyboard */,
				249E0AF11445A2460035B058 /* MasterViewController.h */,
				249E0AF21445A2460035B058 /* MasterViewController.m */,
				249E0AF41445A2460035B058 /* DetailViewController.h */,
				249E0AF51445A2460035B058 /* DetailViewController.m */,
				249E0AEE1445A2460035B058 /* FRCTableViewDataSources.xcdatamodeld */,
				249E0AE01445A2460035B058 /* Supporting Files */,
			);
			path = FRCTableViewDataSourcesDemo;
			sourceTree = "<group>";
		};
		249E0AE01445A2460035B058 /* Supporting Files */ = {
			isa = PBXGroup;
			children = (
				249E0AE11445A2460035B058 /* FRCTableViewDataSources-Info.plist */,
				249E0AE21445A2460035B058 /* InfoPlist.strings */,
				249E0AE51445A2460035B058 /* main.m */,
				249E0AE71445A2460035B058 /* FRCTableViewDataSources-Prefix.pch */,
			);
			name = "Supporting Files";
			sourceTree = "<group>";
		};
/* End PBXGroup section */

/* Begin PBXNativeTarget section */
		249E0AD21445A2460035B058 /* FRCTableViewDataSources */ = {
			isa = PBXNativeTarget;
			buildConfigurationList = 249E0AF91445A2460035B058 /* Build configuration list for PBXNativeTarget "FRCTableViewDataSources" */;
			buildPhases = (
				249E0ACF1445A2460035B058 /* Sources */,
				249E0AD01445A2460035B058 /* Frameworks */,
				249E0AD11445A2460035B058 /* Resources */,
			);
			buildRules = (
			);
			dependencies = (
			);
			name = FRCTableViewDataSources;
			productName = FRCTableViewDataSources;
			productReference = 249E0AD31445A2460035B058 /* FRCTableViewDataSources.app */;
			productType = "com.apple.product-type.application";
		};
/* End PBXNativeTarget section */

/* Begin PBXProject section */
		249E0ACA1445A2460035B058 /* Project object */ = {
			isa = PBXProject;
			attributes = {
				LastUpgradeCheck = 0420;
				ORGANIZATIONNAME = "Daniel Tull";
			};
			buildConfigurationList = 249E0ACD1445A2460035B058 /* Build configuration list for PBXProject "FRCTableViewDataSources" */;
			compatibilityVersion = "Xcode 3.2";
			developmentRegion = English;
			hasScannedForEncodings = 0;
			knownRegions = (
				en,
			);
			mainGroup = 249E0AC81445A2460035B058;
			productRefGroup = 249E0AD41445A2460035B058 /* Products */;
			projectDirPath = "";
			projectRoot = "";
			targets = (
				249E0AD21445A2460035B058 /* FRCTableViewDataSources */,
			);
		};
/* End PBXProject section */

/* Begin PBXResourcesBuildPhase section */
		249E0AD11445A2460035B058 /* Resources */ = {
			isa = PBXResourcesBuildPhase;
			buildActionMask = 2147483647;
			files = (
				249E0AE41445A2460035B058 /* InfoPlist.strings in Resources */,
				249E0AED1445A2460035B058 /* MainStoryboard.storyboard in Resources */,
			);
			runOnlyForDeploymentPostprocessing = 0;
		};
/* End PBXResourcesBuildPhase section */

/* Begin PBXSourcesBuildPhase section */
		249E0ACF1445A2460035B058 /* Sources */ = {
			isa = PBXSourcesBuildPhase;
			buildActionMask = 2147483647;
			files = (
				249E0AE61445A2460035B058 /* main.m in Sources */,
				249E0AEA1445A2460035B058 /* AppDelegate.m in Sources */,
				249E0AF01445A2460035B058 /* FRCTableViewDataSources.xcdatamodeld in Sources */,
				249E0AF31445A2460035B058 /* MasterViewController.m in Sources */,
				249E0AF61445A2460035B058 /* DetailViewController.m in Sources */,
			);
			runOnlyForDeploymentPostprocessing = 0;
		};
/* End PBXSourcesBuildPhase section */

/* Begin PBXVariantGroup section */
		249E0AE21445A2460035B058 /* InfoPlist.strings */ = {
			isa = PBXVariantGroup;
			children = (
				249E0AE31445A2460035B058 /* en */,
			);
			name = InfoPlist.strings;
			sourceTree = "<group>";
		};
		249E0AEB1445A2460035B058 /* MainStoryboard.storyboard */ = {
			isa = PBXVariantGroup;
			children = (
				249E0AEC1445A2460035B058 /* en */,
			);
			name = MainStoryboard.storyboard;
			sourceTree = "<group>";
		};
/* End PBXVariantGroup section */

/* Begin XCBuildConfiguration section */
		249E0AF71445A2460035B058 /* Debug */ = {
			isa = XCBuildConfiguration;
			buildSettings = {
				ALWAYS_SEARCH_USER_PATHS = NO;
				ARCHS = "$(ARCHS_STANDARD_32_BIT)";
				CLANG_ENABLE_OBJC_ARC = YES;
				"CODE_SIGN_IDENTITY[sdk=iphoneos*]" = "iPhone Developer";
				COPY_PHASE_STRIP = NO;
				GCC_C_LANGUAGE_STANDARD = gnu99;
				GCC_DYNAMIC_NO_PIC = NO;
				GCC_OPTIMIZATION_LEVEL = 0;
				GCC_PREPROCESSOR_DEFINITIONS = (
					"DEBUG=1",
					"$(inherited)",
				);
				GCC_SYMBOLS_PRIVATE_EXTERN = NO;
				GCC_VERSION = com.apple.compilers.llvm.clang.1_0;
				GCC_WARN_ABOUT_MISSING_PROTOTYPES = YES;
				GCC_WARN_ABOUT_RETURN_TYPE = YES;
				GCC_WARN_UNUSED_VARIABLE = YES;
				IPHONEOS_DEPLOYMENT_TARGET = 5.0;
				SDKROOT = iphoneos;
			};
			name = Debug;
		};
		249E0AF81445A2460035B058 /* Release */ = {
			isa = XCBuildConfiguration;
			buildSettings = {
				ALWAYS_SEARCH_USER_PATHS = NO;
				ARCHS = "$(ARCHS_STANDARD_32_BIT)";
				CLANG_ENABLE_OBJC_ARC = YES;
				"CODE_SIGN_IDENTITY[sdk=iphoneos*]" = "iPhone Developer";
				COPY_PHASE_STRIP = YES;
				GCC_C_LANGUAGE_STANDARD = gnu99;
				GCC_VERSION = com.apple.compilers.llvm.clang.1_0;
				GCC_WARN_ABOUT_MISSING_PROTOTYPES = YES;
				GCC_WARN_ABOUT_RETURN_TYPE = YES;
				GCC_WARN_UNUSED_VARIABLE = YES;
				IPHONEOS_DEPLOYMENT_TARGET = 5.0;
				OTHER_CFLAGS = "-DNS_BLOCK_ASSERTIONS=1";
				SDKROOT = iphoneos;
				VALIDATE_PRODUCT = YES;
			};
			name = Release;
		};
		249E0AFA1445A2460035B058 /* Debug */ = {
			isa = XCBuildConfiguration;
			buildSettings = {
				GCC_PRECOMPILE_PREFIX_HEADER = YES;
				GCC_PREFIX_HEADER = "FRCTableViewDataSourcesDemo/FRCTableViewDataSources-Prefix.pch";
				INFOPLIST_FILE = "FRCTableViewDataSourcesDemo/FRCTableViewDataSources-Info.plist";
				PRODUCT_NAME = "$(TARGET_NAME)";
				WRAPPER_EXTENSION = app;
			};
			name = Debug;
		};
		249E0AFB1445A2460035B058 /* Release */ = {
			isa = XCBuildConfiguration;
			buildSettings = {
				GCC_PRECOMPILE_PREFIX_HEADER = YES;
				GCC_PREFIX_HEADER = "FRCTableViewDataSourcesDemo/FRCTableViewDataSources-Prefix.pch";
				INFOPLIST_FILE = "FRCTableViewDataSourcesDemo/FRCTableViewDataSources-Info.plist";
				PRODUCT_NAME = "$(TARGET_NAME)";
				WRAPPER_EXTENSION = app;
			};
			name = Release;
		};
/* End XCBuildConfiguration section */

/* Begin XCConfigurationList section */
		249E0ACD1445A2460035B058 /* Build configuration list for PBXProject "FRCTableViewDataSources" */ = {
			isa = XCConfigurationList;
			buildConfigurations = (
				249E0AF71445A2460035B058 /* Debug */,
				249E0AF81445A2460035B058 /* Release */,
			);
			defaultConfigurationIsVisible = 0;
			defaultConfigurationName = Release;
		};
		249E0AF91445A2460035B058 /* Build configuration list for PBXNativeTarget "FRCTableViewDataSources" */ = {
			isa = XCConfigurationList;
			buildConfigurations = (
				249E0AFA1445A2460035B058 /* Debug */,
				249E0AFB1445A2460035B058 /* Release */,
			);
			defaultConfigurationIsVisible = 0;
		};
/* End XCConfigurationList section */

/* Begin XCVersionGroup section */
		249E0AEE1445A2460035B058 /* FRCTableViewDataSources.xcdatamodeld */ = {
			isa = XCVersionGroup;
			children = (
				249E0AEF1445A2460035B058 /* FRCTableViewDataSources.xcdatamodel */,
			);
			currentVersion = 249E0AEF1445A2460035B058 /* FRCTableViewDataSources.xcdatamodel */;
			path = FRCTableViewDataSources.xcdatamodeld;
			sourceTree = "<group>";
			versionGroupType = wrapper.xcdatamodel;
		};
/* End XCVersionGroup section */
	};
	rootObject = 249E0ACA1445A2460035B058 /* Project object */;
}
